
Microsoft Visual Studio Solution File, Format Version 12.00
# Visual Studio Version 17
VisualStudioVersion = 17.1.32414.318
MinimumVisualStudioVersion = 10.0.40219.1
Project("{FAE04EC0-301F-11D3-BF4B-00C04F79EFBC}") = "TT22_QuanLyNhaXe", "TT22_QuanLyNhaXe.csproj", "{17019143-57F0-4E89-B3B1-172838686CAF}"
EndProject
Global
	GlobalSection(SolutionConfigurationPlatforms) = preSolution
		Debug|Any CPU = Debug|Any CPU
		Release|Any CPU = Release|Any CPU
	EndGlobalSection
	GlobalSection(ProjectConfigurationPlatforms) = postSolution
		{17019143-57F0-4E89-B3B1-172838686CAF}.Debug|Any CPU.ActiveCfg = Debug|Any CPU
		{17019143-57F0-4E89-B3B1-172838686CAF}.Debug|Any CPU.Build.0 = Debug|Any CPU
		{17019143-57F0-4E89-B3B1-172838686CAF}.Release|Any CPU.ActiveCfg = Release|Any CPU
		{17019143-57F0-4E89-B3B1-172838686CAF}.Release|Any CPU.Build.0 = Release|Any CPU
	EndGlobalSection
	GlobalSection(SolutionProperties) = preSolution
		HideSolutionNode = FALSE
	EndGlobalSection
	GlobalSection(ExtensibilityGlobals) = postSolution
		SolutionGuid = {A66105B6-0E23-4B4E-A3FE-15A58FCB1254}
	EndGlobalSection
EndGlobal
